{
  "name": "project",
  "version": "1.0.0",
  "lockfileVersion": 1,
  "requires": true,
  "dependencies": {
    "hamburgers": {
      "version": "1.1.3",
      "resolved": "https://registry.npmjs.org/hamburgers/-/hamburgers-1.1.3.tgz",
      "integrity": "sha512-qpfnJwZq6ATAGJEriwuyfVNgT++GG+o+3bBfPYF7F3WY452cYKbaYGUuqwhp+3kHLI6CL4VIBfj8bfbp90Lp1A==",
      "dev": true
    },
    "slick-slider": {
      "version": "1.8.2",
      "resolved": "https://registry.npmjs.org/slick-slider/-/slick-slider-1.8.2.tgz",
      "integrity": "sha512-/NGT7QzlC1/LNu198ad+rM8xJcgSXgiptUPbY0oMmtZ/8K2G9s6mMpLo7um6FIIQ135vUjsnP2gWY5DKJe2qJw==",
      "dev": true
    },
    "wowjs": {
      "version": "1.1.3",
      "resolved": "https://registry.npmjs.org/wowjs/-/wowjs-1.1.3.tgz",
      "integrity": "sha1-RA/Bu0x+iWhA7keXIpaitZB1rL0=",
      "dev": true,
      "requires": {
        "animate.css": "^4.1.1"
      },
      "dependencies": {
        "animate.css": {
          "version": "4.1.1",
          "resolved": "https://registry.npmjs.org/animate.css/-/animate.css-4.1.1.tgz",
          "integrity": "sha512-+mRmCTv6SbCmtYJCN4faJMNFVNN5EuCTTprDTAo7YzIGji2KADmakjVA3+8mVDkZ2Bf09vayB35lSQIex2+QaQ==",
          "dev": true
        }
      }
    }
  }
}
